{
  "nodes": {
    "catppuccin-bat": {
      "flake": false,
      "locked": {
        "lastModified": 1712664886,
        "narHash": "sha256-gzf0/Ltw8mGMsEFBTUuN33MSFtUP4xhdxfoZFntaycQ=",
        "owner": "catppuccin",
        "repo": "bat",
        "rev": "b8134f01b0ac176f1cf2a7043a5abf5a1a29457b",
        "type": "github"
      },
      "original": {
        "owner": "catppuccin",
        "repo": "bat",
        "type": "github"
      }
    },
    "catppuccin-starship": {
      "flake": false,
      "locked": {
        "lastModified": 1689246850,
        "narHash": "sha256-nsRuxQFKbQkyEI4TXgvAjcroVdG+heKX5Pauq/4Ota0=",
        "owner": "catppuccin",
        "repo": "starship",
        "rev": "5629d2356f62a9f2f8efad3ff37476c19969bd4f",
        "type": "github"
      },
      "original": {
        "owner": "catppuccin",
        "repo": "starship",
        "type": "github"
      }
    },
    "copilot-chat-nvim": {
      "flake": false,
      "locked": {
        "lastModified": 1712990755,
        "narHash": "sha256-Nwugw3YDO4DDZeluepRY7d9F5umaGviuQ2EkrF6FNd4=",
        "owner": "CopilotC-Nvim",
        "repo": "CopilotChat.nvim",
        "rev": "9898b4cd1b19c6ca639b77b34bb599a119356c1f",
        "type": "github"
      },
      "original": {
        "owner": "CopilotC-Nvim",
        "ref": "canary",
        "repo": "CopilotChat.nvim",
        "type": "github"
      }
    },
    "darwin": {
      "inputs": {
        "nixpkgs": [
          "nixpkgs"
        ]
      },
      "locked": {
        "lastModified": 1711763326,
        "narHash": "sha256-sXcesZWKXFlEQ8oyGHnfk4xc9f2Ip0X/+YZOq3sKviI=",
        "owner": "lnl7",
        "repo": "nix-darwin",
        "rev": "36524adc31566655f2f4d55ad6b875fb5c1a4083",
        "type": "github"
      },
      "original": {
        "owner": "lnl7",
        "repo": "nix-darwin",
        "type": "github"
      }
    },
    "home-manager": {
      "inputs": {
        "nixpkgs": [
          "nixpkgs"
        ]
      },
      "locked": {
        "lastModified": 1713131281,
        "narHash": "sha256-/Jm1X9MPfLXAxZSCdWmQAFNUQggEfNWHol5jSyyzFzw=",
        "owner": "nix-community",
        "repo": "home-manager",
        "rev": "9f32c66a51d05e6d4ec0dea555bbff9135749ec7",
        "type": "github"
      },
      "original": {
        "owner": "nix-community",
        "repo": "home-manager",
        "type": "github"
      }
    },
    "latex-snippets-nvim": {
      "flake": false,
      "locked": {
        "lastModified": 1707898530,
        "narHash": "sha256-hasYnmyWq3yk3uzQIwXDtGqCIk0Ck+Qu5obxBoXE0OI=",
        "owner": "iurimateus",
        "repo": "luasnip-latex-snippets.nvim",
        "rev": "064f2abb6d08ebdd17b4a2baa181ffa7c4011f39",
        "type": "github"
      },
      "original": {
        "owner": "iurimateus",
        "repo": "luasnip-latex-snippets.nvim",
        "type": "github"
      }
    },
    "nixpkgs": {
      "locked": {
        "lastModified": 1713006710,
        "narHash": "sha256-u7vpSVm2eCycRuOzSWKic/aaRUK4c8hPo3gETlDfm0A=",
        "owner": "nixos",
        "repo": "nixpkgs",
        "rev": "692ceb334b4fd60d61798dde895f6f122110f5fe",
        "type": "github"
      },
      "original": {
        "owner": "nixos",
        "ref": "nixpkgs-unstable",
        "repo": "nixpkgs",
        "type": "github"
      }
    },
    "root": {
      "inputs": {
        "catppuccin-bat": "catppuccin-bat",
        "catppuccin-starship": "catppuccin-starship",
        "copilot-chat-nvim": "copilot-chat-nvim",
        "darwin": "darwin",
        "home-manager": "home-manager",
        "latex-snippets-nvim": "latex-snippets-nvim",
        "nixpkgs": "nixpkgs",
        "telescope-zotero": "telescope-zotero"
      }
    },
    "telescope-zotero": {
      "flake": false,
      "locked": {
        "lastModified": 1712137849,
        "narHash": "sha256-6N0Tk5WvsfVbtLpgiU6tNxKF2xqkZ2TauU7pBui9JGw=",
        "owner": "jmbuhr",
        "repo": "telescope-zotero.nvim",
        "rev": "ba611eac51a1018051f48b69a7c75b00ab178e83",
        "type": "github"
      },
      "original": {
        "owner": "jmbuhr",
        "repo": "telescope-zotero.nvim",
        "type": "github"
      }
    }
  },
  "root": "root",
  "version": 7
}
