{
  "nodes": {
    "autolist-nvim": {
      "flake": false,
      "locked": {
        "lastModified": 1688728312,
        "narHash": "sha256-lavDbTFidmbYDOxYPumCExkd27sesZ5uFgwHc1xNuW0=",
        "owner": "gaoDean",
        "repo": "autolist.nvim",
        "rev": "5f70a5f99e96c8fe3069de042abd2a8ed2deb855",
        "type": "github"
      },
      "original": {
        "owner": "gaoDean",
        "repo": "autolist.nvim",
        "type": "github"
      }
    },
    "cmp-zotcite": {
      "flake": false,
      "locked": {
        "lastModified": 1700421251,
        "narHash": "sha256-eTlJ3Y3BRsjBKwuMYvKG8M8G7LSu7rTQ8PtVrlSweZg=",
        "owner": "jalvesaq",
        "repo": "cmp-zotcite",
        "rev": "fd83f05495c14ed7d3d1ae898400622137b01fa2",
        "type": "github"
      },
      "original": {
        "owner": "jalvesaq",
        "repo": "cmp-zotcite",
        "type": "github"
      }
    },
    "darwin": {
      "inputs": {
        "nixpkgs": [
          "nixpkgs"
        ]
      },
      "locked": {
        "lastModified": 1704277720,
        "narHash": "sha256-meAKNgmh3goankLGWqqpw73pm9IvXjEENJloF0coskE=",
        "owner": "lnl7",
        "repo": "nix-darwin",
        "rev": "0dd382b70c351f528561f71a0a7df82c9d2be9a4",
        "type": "github"
      },
      "original": {
        "owner": "lnl7",
        "repo": "nix-darwin",
        "type": "github"
      }
    },
    "hlargs-nvim": {
      "flake": false,
      "locked": {
        "lastModified": 1702317151,
        "narHash": "sha256-AgHETTIsDOLgEnEaFWq1kXY+Ye/DUU6W+95M37VNOVw=",
        "owner": "m-demare",
        "repo": "hlargs.nvim",
        "rev": "872c332dcc65324604011fa6056c4d71253e399b",
        "type": "github"
      },
      "original": {
        "owner": "m-demare",
        "repo": "hlargs.nvim",
        "type": "github"
      }
    },
    "home-manager": {
      "inputs": {
        "nixpkgs": [
          "nixpkgs"
        ]
      },
      "locked": {
        "lastModified": 1704383912,
        "narHash": "sha256-Be7O73qoOj/z+4ZCgizdLlu+5BkVvO2KO299goZ9cW8=",
        "owner": "nix-community",
        "repo": "home-manager",
        "rev": "26b8adb300e50efceb51fff6859a1a6ba1ade4f7",
        "type": "github"
      },
      "original": {
        "owner": "nix-community",
        "repo": "home-manager",
        "type": "github"
      }
    },
    "img-clip-nvim": {
      "flake": false,
      "locked": {
        "lastModified": 1703939313,
        "narHash": "sha256-YgdoLhi92KGuhwz1cSdoQjgpCJTuUwz+22BRRGXix14=",
        "owner": "HakonHarnes",
        "repo": "img-clip.nvim",
        "rev": "1a22455f83dda15046c1a8dc079190c11bc20307",
        "type": "github"
      },
      "original": {
        "owner": "HakonHarnes",
        "repo": "img-clip.nvim",
        "type": "github"
      }
    },
    "nixpkgs": {
      "locked": {
        "lastModified": 1704161960,
        "narHash": "sha256-QGua89Pmq+FBAro8NriTuoO/wNaUtugt29/qqA8zeeM=",
        "owner": "nixos",
        "repo": "nixpkgs",
        "rev": "63143ac2c9186be6d9da6035fa22620018c85932",
        "type": "github"
      },
      "original": {
        "owner": "nixos",
        "ref": "nixpkgs-unstable",
        "repo": "nixpkgs",
        "type": "github"
      }
    },
    "nixpkgs-stable": {
      "locked": {
        "lastModified": 1704145853,
        "narHash": "sha256-G/1AMt9ibpeMlcxvD1vNaC8imGaK+g7zZ99e29BLgWw=",
        "owner": "nixos",
        "repo": "nixpkgs",
        "rev": "2d2ea8eab9e400618748ab1a6a108255233b602c",
        "type": "github"
      },
      "original": {
        "owner": "nixos",
        "ref": "nixos-23.11",
        "repo": "nixpkgs",
        "type": "github"
      }
    },
    "obsidian-nvim": {
      "flake": false,
      "locked": {
        "lastModified": 1704385614,
        "narHash": "sha256-y5nmdd8wNlIjXGKCKktkmFMBCM0VSlLpMnYQtlv7gfE=",
        "owner": "epwalsh",
        "repo": "obsidian.nvim",
        "rev": "2b8e8d12077e93b9c85afd063990a9511c12e7c8",
        "type": "github"
      },
      "original": {
        "owner": "epwalsh",
        "repo": "obsidian.nvim",
        "type": "github"
      }
    },
    "root": {
      "inputs": {
        "autolist-nvim": "autolist-nvim",
        "cmp-zotcite": "cmp-zotcite",
        "darwin": "darwin",
        "hlargs-nvim": "hlargs-nvim",
        "home-manager": "home-manager",
        "img-clip-nvim": "img-clip-nvim",
        "nixpkgs": "nixpkgs",
        "nixpkgs-stable": "nixpkgs-stable",
        "obsidian-nvim": "obsidian-nvim",
        "zotcite": "zotcite"
      }
    },
    "zotcite": {
      "flake": false,
      "locked": {
        "lastModified": 1704320280,
        "narHash": "sha256-9OJg14G+0pWML454mIdk7+5DgKCKEFCQeWtpT5x7CSU=",
        "owner": "jalvesaq",
        "repo": "zotcite",
        "rev": "f3d87f4671f624e8fd3fb00e6e63ec1cf0f1b652",
        "type": "github"
      },
      "original": {
        "owner": "jalvesaq",
        "repo": "zotcite",
        "type": "github"
      }
    }
  },
  "root": "root",
  "version": 7
}
