{
  "nodes": {
    "cmp-pandoc-references": {
      "flake": false,
      "locked": {
        "lastModified": 1688994825,
        "narHash": "sha256-B3KxmQUrYrBxKn/WRjMNSA0P499MUgGyxTi4S8h5W4E=",
        "owner": "jmbuhr",
        "repo": "cmp-pandoc-references",
        "rev": "dd86d3a8acc52a6d0503c3a45ba1bb93f39a3d31",
        "type": "github"
      },
      "original": {
        "owner": "jmbuhr",
        "repo": "cmp-pandoc-references",
        "type": "github"
      }
    },
    "darwin": {
      "inputs": {
        "nixpkgs": [
          "nixpkgs"
        ]
      },
      "locked": {
        "lastModified": 1710281379,
        "narHash": "sha256-uFo9hxt982L3nFJeweW4Gip2esiGrIQlbvEGrNTh4AY=",
        "owner": "lnl7",
        "repo": "nix-darwin",
        "rev": "d9ea313bc4851670dc99c5cc979cb79750e7d670",
        "type": "github"
      },
      "original": {
        "owner": "lnl7",
        "repo": "nix-darwin",
        "type": "github"
      }
    },
    "home-manager": {
      "inputs": {
        "nixpkgs": [
          "nixpkgs"
        ]
      },
      "locked": {
        "lastModified": 1710506163,
        "narHash": "sha256-Xpl2LzbAIUHcTkAZ08UZM0USxVaQn194I8ma9c8wnAA=",
        "owner": "nix-community",
        "repo": "home-manager",
        "rev": "dc2f3812b41f825ed466c24c4211160d75cb890c",
        "type": "github"
      },
      "original": {
        "owner": "nix-community",
        "repo": "home-manager",
        "type": "github"
      }
    },
    "img-clip": {
      "flake": false,
      "locked": {
        "lastModified": 1710322128,
        "narHash": "sha256-stQO1YpTQNEp/h5j+lnIPGhT+GKJP39JbpEfLlFgVTA=",
        "owner": "HakonHarnes",
        "repo": "img-clip.nvim",
        "rev": "5a8efb35dc589c6bf24379c7fd2f5708f4d0c5b8",
        "type": "github"
      },
      "original": {
        "owner": "HakonHarnes",
        "repo": "img-clip.nvim",
        "type": "github"
      }
    },
    "kitty-scrollback": {
      "flake": false,
      "locked": {
        "lastModified": 1710419121,
        "narHash": "sha256-HkdQAfHhoBZ2Ih+MIEwskb/I0X1t+ipN8rkpWMHfocA=",
        "owner": "mikesmithgh",
        "repo": "kitty-scrollback.nvim",
        "rev": "af95c02d558216202639609a56123fed9d8fb193",
        "type": "github"
      },
      "original": {
        "owner": "mikesmithgh",
        "repo": "kitty-scrollback.nvim",
        "type": "github"
      }
    },
    "nixpkgs": {
      "locked": {
        "lastModified": 1710470187,
        "narHash": "sha256-l2R47RqhdEUYrMrQjdFKhxtqprkJjIE89qJx3iEVv+U=",
        "owner": "nixos",
        "repo": "nixpkgs",
        "rev": "f242fc768bdfcf91d9094a8a8f66551324bf1a47",
        "type": "github"
      },
      "original": {
        "owner": "nixos",
        "ref": "nixpkgs-unstable",
        "repo": "nixpkgs",
        "type": "github"
      }
    },
    "root": {
      "inputs": {
        "cmp-pandoc-references": "cmp-pandoc-references",
        "darwin": "darwin",
        "home-manager": "home-manager",
        "img-clip": "img-clip",
        "kitty-scrollback": "kitty-scrollback",
        "nixpkgs": "nixpkgs",
        "telescope-zotero": "telescope-zotero"
      }
    },
    "telescope-zotero": {
      "flake": false,
      "locked": {
        "lastModified": 1710427308,
        "narHash": "sha256-Zskc5SYYPxS+vf/0szZWowA8xVJsalsP7QWLYWoOBsk=",
        "owner": "jmbuhr",
        "repo": "telescope-zotero.nvim",
        "rev": "35f95ecb2a824fbaccc93fecc1ee03ca16dc0009",
        "type": "github"
      },
      "original": {
        "owner": "jmbuhr",
        "repo": "telescope-zotero.nvim",
        "type": "github"
      }
    }
  },
  "root": "root",
  "version": 7
}
